
Microsoft Visual Studio Solution File, Format Version 12.00
# Visual Studio 2013
VisualStudioVersion = 12.0.30626.0
MinimumVisualStudioVersion = 10.0.40219.1
Project("{FAE04EC0-301F-11D3-BF4B-00C04F79EFBC}") = "BallaratScraper", "BallaratScraper\BallaratScraper.csproj", "{FCD891DD-E726-481E-86C0-C15AB38FD41D}"
EndProject
Global
	GlobalSection(CodealikeProperties) = postSolution
		SolutionGuid = 402303de-676e-4565-b7e9-b084777472ca
	EndGlobalSection
	GlobalSection(SolutionConfigurationPlatforms) = preSolution
		Debug|Any CPU = Debug|Any CPU
		Release|Any CPU = Release|Any CPU
	EndGlobalSection
	GlobalSection(ProjectConfigurationPlatforms) = postSolution
		{FCD891DD-E726-481E-86C0-C15AB38FD41D}.Debug|Any CPU.ActiveCfg = Debug|Any CPU
		{FCD891DD-E726-481E-86C0-C15AB38FD41D}.Debug|Any CPU.Build.0 = Debug|Any CPU
		{FCD891DD-E726-481E-86C0-C15AB38FD41D}.Release|Any CPU.ActiveCfg = Release|Any CPU
		{FCD891DD-E726-481E-86C0-C15AB38FD41D}.Release|Any CPU.Build.0 = Release|Any CPU
	EndGlobalSection
	GlobalSection(SolutionProperties) = preSolution
		HideSolutionNode = FALSE
	EndGlobalSection
EndGlobal
